#MicroXplorer Configuration settings - do not modify
CAD.formats=
CAD.pinconfig=
CAD.provider=
Dma.Request0=SPI2_RX
Dma.Request1=SPI2_TX
Dma.RequestsNb=2
Dma.SPI2_RX.0.Direction=DMA_PERIPH_TO_MEMORY
Dma.SPI2_RX.0.Instance=DMA1_Channel4
Dma.SPI2_RX.0.MemDataAlignment=DMA_MDATAALIGN_BYTE
Dma.SPI2_RX.0.MemInc=DMA_MINC_ENABLE
Dma.SPI2_RX.0.Mode=DMA_CIRCULAR
Dma.SPI2_RX.0.PeriphDataAlignment=DMA_PDATAALIGN_BYTE
Dma.SPI2_RX.0.PeriphInc=DMA_PINC_DISABLE
Dma.SPI2_RX.0.Priority=DMA_PRIORITY_LOW
Dma.SPI2_RX.0.RequestParameters=Instance,Direction,PeriphInc,MemInc,PeriphDataAlignment,MemDataAlignment,Mode,Priority
Dma.SPI2_TX.1.Direction=DMA_MEMORY_TO_PERIPH
Dma.SPI2_TX.1.Instance=DMA1_Channel5
Dma.SPI2_TX.1.MemDataAlignment=DMA_MDATAALIGN_BYTE
Dma.SPI2_TX.1.MemInc=DMA_MINC_ENABLE
Dma.SPI2_TX.1.Mode=DMA_CIRCULAR
Dma.SPI2_TX.1.PeriphDataAlignment=DMA_PDATAALIGN_BYTE
Dma.SPI2_TX.1.PeriphInc=DMA_PINC_DISABLE
Dma.SPI2_TX.1.Priority=DMA_PRIORITY_LOW
Dma.SPI2_TX.1.RequestParameters=Instance,Direction,PeriphInc,MemInc,PeriphDataAlignment,MemDataAlignment,Mode,Priority
File.Version=6
KeepUserPlacement=false
Mcu.CPN=STM32L475VGT6
Mcu.Family=STM32L4
Mcu.IP0=DMA
Mcu.IP1=NVIC
Mcu.IP10=TIM15
Mcu.IP11=USART1
Mcu.IP2=RCC
Mcu.IP3=SPI2
Mcu.IP4=SYS
Mcu.IP5=TIM2
Mcu.IP6=TIM3
Mcu.IP7=TIM5
Mcu.IP8=TIM6
Mcu.IP9=TIM7
Mcu.IPNb=12
Mcu.Name=STM32L475V(C-E-G)Tx
Mcu.Package=LQFP100
Mcu.Pin0=PE3
Mcu.Pin1=PE4
Mcu.Pin10=PA13 (JTMS-SWDIO)
Mcu.Pin11=PA14 (JTCK-SWCLK)
Mcu.Pin12=PA15 (JTDI)
Mcu.Pin13=PB3 (JTDO-TRACESWO)
Mcu.Pin14=PB6
Mcu.Pin15=PB7
Mcu.Pin16=VP_SYS_VS_Systick
Mcu.Pin17=VP_TIM6_VS_ClockSourceINT
Mcu.Pin18=VP_TIM7_VS_ClockSourceINT
Mcu.Pin19=VP_TIM15_VS_ClockSourceINT
Mcu.Pin2=PA0
Mcu.Pin3=PA1
Mcu.Pin4=PA2
Mcu.Pin5=PD0
Mcu.Pin6=PD1
Mcu.Pin7=PD3
Mcu.Pin8=PD4
Mcu.Pin9=PB13
Mcu.PinsNb=20
Mcu.ThirdPartyNb=0
Mcu.UserConstants=
Mcu.UserName=STM32L475VGTx
MxCube.Version=6.15.0
MxDb.Version=DB.6.0.150
NVIC.BusFault_IRQn=true\:0\:0\:false\:false\:true\:false\:false\:false
NVIC.DMA1_Channel4_IRQn=true\:0\:0\:false\:false\:true\:false\:true\:true
NVIC.DMA1_Channel5_IRQn=true\:0\:0\:false\:false\:true\:false\:true\:true
NVIC.DebugMonitor_IRQn=true\:0\:0\:false\:false\:true\:false\:false\:false
NVIC.ForceEnableDMAVector=true
NVIC.HardFault_IRQn=true\:0\:0\:false\:false\:true\:false\:false\:false
NVIC.MemoryManagement_IRQn=true\:0\:0\:false\:false\:true\:false\:false\:false
NVIC.NonMaskableInt_IRQn=true\:0\:0\:false\:false\:true\:false\:false\:false
NVIC.PendSV_IRQn=true\:0\:0\:false\:false\:true\:false\:false\:false
NVIC.PriorityGroup=NVIC_PRIORITYGROUP_4
NVIC.SPI2_IRQn=true\:0\:0\:false\:false\:true\:true\:true\:true
NVIC.SVCall_IRQn=true\:0\:0\:false\:false\:true\:false\:false\:false
NVIC.SysTick_IRQn=true\:15\:0\:false\:false\:true\:false\:true\:false
NVIC.TIM6_DAC_IRQn=true\:0\:0\:false\:false\:true\:true\:true\:true
NVIC.TIM7_IRQn=true\:0\:0\:false\:false\:true\:true\:true\:true
NVIC.UsageFault_IRQn=true\:0\:0\:false\:false\:true\:false\:false\:false
PA0.Signal=S_TIM5_CH1
PA1.Signal=S_TIM5_CH2
PA13\ (JTMS-SWDIO).Mode=Serial_Wire
PA13\ (JTMS-SWDIO).Signal=SYS_JTMS-SWDIO
PA14\ (JTCK-SWCLK).Mode=Serial_Wire
PA14\ (JTCK-SWCLK).Signal=SYS_JTCK-SWCLK
PA15\ (JTDI).Locked=true
PA15\ (JTDI).Signal=S_TIM2_CH1
PA2.Signal=S_TIM15_CH1
PD0.Mode=NSS_Signal_Hard_Input
PD0.Signal=SPI2_NSS
PD1.Locked=true
PD1.Mode=Full_Duplex_Slave
PD1.Signal=SPI2_SCK
PD3.Locked=true
PD3.Mode=Full_Duplex_Slave
PD3.Signal=SPI2_MISO
PD4.Locked=true
PD4.Mode=Full_Duplex_Slave
PD4.Signal=SPI2_MOSI
PB13.Locked=true
PB13.Signal=TIM15_CH1N
PB3\ (JTDO-TRACESWO).Signal=S_TIM2_CH2
PB6.Locked=true
PB6.Mode=Asynchronous
PB6.Signal=USART1_TX
PB7.Locked=true
PB7.Mode=Asynchronous
PB7.Signal=USART1_RX
PE3.Locked=true
PE3.Signal=S_TIM3_CH1
PE4.Locked=true
PE4.Signal=S_TIM3_CH2
PinOutPanel.RotationAngle=0
ProjectManager.AskForMigrate=true
ProjectManager.BackupPrevious=false
ProjectManager.CompilerLinker=GCC
ProjectManager.CompilerOptimize=6
ProjectManager.ComputerToolchain=false
ProjectManager.CoupleFile=true
ProjectManager.CustomerFirmwarePackage=
ProjectManager.DefaultFWLocation=true
ProjectManager.DeletePrevious=true
ProjectManager.DeviceId=STM32L475VGTx
ProjectManager.FirmwarePackage=STM32Cube FW_L4 V1.18.1
ProjectManager.FreePins=true
ProjectManager.HalAssertFull=true
ProjectManager.HeapSize=0x200
ProjectManager.KeepUserCode=true
ProjectManager.LastFirmware=true
ProjectManager.LibraryCopy=1
ProjectManager.MainLocation=Core/Src
ProjectManager.NoMain=false
ProjectManager.PreviousToolchain=
ProjectManager.ProjectBuild=false
ProjectManager.ProjectFileName=CNC_Controller.ioc
ProjectManager.ProjectName=CNC_Controller
ProjectManager.ProjectStructure=
ProjectManager.RegisterCallBack=
ProjectManager.StackSize=0x400
ProjectManager.TargetToolchain=STM32CubeIDE
ProjectManager.ToolChainLocation=
ProjectManager.UAScriptAfterPath=after
ProjectManager.UAScriptBeforePath=before
ProjectManager.UnderRoot=true
ProjectManager.functionlistsort=1-SystemClock_Config-RCC-false-HAL-false,2-MX_GPIO_Init-GPIO-false-HAL-true,3-MX_DMA_Init-DMA-false-HAL-true,4-MX_SPI2_Init-SPI2-false-HAL-true,5-MX_TIM6_Init-TIM6-false-HAL-true,6-MX_TIM2_Init-TIM2-false-HAL-true,7-MX_TIM5_Init-TIM5-false-HAL-true,8-MX_TIM7_Init-TIM7-false-HAL-true,9-MX_TIM3_Init-TIM3-false-HAL-true,10-MX_USART1_UART_Init-USART1-false-HAL-true,11-MX_TIM15_Init-TIM15-false-HAL-true
RCC.AHBFreq_Value=80000000
RCC.APB1CLKDivider=RCC_HCLK_DIV2
RCC.APB1Freq_Value=40000000
RCC.APB1TimFreq_Value=80000000
RCC.APB2Freq_Value=80000000
RCC.APB2TimFreq_Value=80000000
RCC.CortexFreq_Value=80000000
RCC.DFSDMFreq_Value=80000000
RCC.FCLKCortexFreq_Value=80000000
RCC.FamilyName=M
RCC.HCLKFreq_Value=80000000
RCC.HSE_VALUE=8000000
RCC.HSI_VALUE=16000000
RCC.I2C1Freq_Value=40000000
RCC.I2C2Freq_Value=40000000
RCC.I2C3Freq_Value=40000000
RCC.IPParameters=AHBFreq_Value,APB1CLKDivider,APB1Freq_Value,APB1TimFreq_Value,APB2Freq_Value,APB2TimFreq_Value,CortexFreq_Value,DFSDMFreq_Value,FCLKCortexFreq_Value,FamilyName,HCLKFreq_Value,HSE_VALUE,HSI_VALUE,I2C1Freq_Value,I2C2Freq_Value,I2C3Freq_Value,LPTIM1Freq_Value,LPTIM2Freq_Value,LPUART1Freq_Value,LSCOPinFreq_Value,LSE_VALUE,LSI_VALUE,MCO1PinFreq_Value,MSI_VALUE,PLLN,PLLPoutputFreq_Value,PLLQoutputFreq_Value,PLLRCLKFreq_Value,PLLSAI1PoutputFreq_Value,PLLSAI1QoutputFreq_Value,PLLSAI1RoutputFreq_Value,PLLSAI2PoutputFreq_Value,PLLSAI2RoutputFreq_Value,PWRFreq_Value,SAI1Freq_Value,SAI2Freq_Value,SWPMI1Freq_Value,SYSCLKFreq_VALUE,SYSCLKSource,UART4Freq_Value,UART5Freq_Value,USART1Freq_Value,USART2Freq_Value,USART3Freq_Value,VCOInputFreq_Value,VCOOutputFreq_Value,VCOSAI1OutputFreq_Value,VCOSAI2OutputFreq_Value
RCC.LPTIM1Freq_Value=40000000
RCC.LPTIM2Freq_Value=40000000
RCC.LPUART1Freq_Value=40000000
RCC.LSCOPinFreq_Value=32000
RCC.LSE_VALUE=32768
RCC.LSI_VALUE=32000
RCC.MCO1PinFreq_Value=80000000
RCC.MSI_VALUE=4000000
RCC.PLLN=40
RCC.PLLPoutputFreq_Value=22857142.85714286
RCC.PLLQoutputFreq_Value=80000000
RCC.PLLRCLKFreq_Value=80000000
RCC.PLLSAI1PoutputFreq_Value=4571428.571428572
RCC.PLLSAI1QoutputFreq_Value=16000000
RCC.PLLSAI1RoutputFreq_Value=16000000
RCC.PLLSAI2PoutputFreq_Value=4571428.571428572
RCC.PLLSAI2RoutputFreq_Value=16000000
RCC.PWRFreq_Value=80000000
RCC.SAI1Freq_Value=4571428.571428572
RCC.SAI2Freq_Value=4571428.571428572
RCC.SWPMI1Freq_Value=40000000
RCC.SYSCLKFreq_VALUE=80000000
RCC.SYSCLKSource=RCC_SYSCLKSOURCE_PLLCLK
RCC.UART4Freq_Value=40000000
RCC.UART5Freq_Value=40000000
RCC.USART1Freq_Value=80000000
RCC.USART2Freq_Value=40000000
RCC.USART3Freq_Value=40000000
RCC.VCOInputFreq_Value=4000000
RCC.VCOOutputFreq_Value=160000000
RCC.VCOSAI1OutputFreq_Value=32000000
RCC.VCOSAI2OutputFreq_Value=32000000
SH.S_TIM15_CH1.0=TIM15_CH1,PWM Generation1 CH1
SH.S_TIM15_CH1.ConfNb=1
SH.S_TIM2_CH1.0=TIM2_CH1,Encoder_Interface
SH.S_TIM2_CH1.ConfNb=1
SH.S_TIM2_CH2.0=TIM2_CH2,Encoder_Interface
SH.S_TIM2_CH2.ConfNb=1
SH.S_TIM3_CH1.0=TIM3_CH1,Encoder_Interface
SH.S_TIM3_CH1.ConfNb=1
SH.S_TIM3_CH2.0=TIM3_CH2,Encoder_Interface
SH.S_TIM3_CH2.ConfNb=1
SH.S_TIM5_CH1.0=TIM5_CH1,Encoder_Interface
SH.S_TIM5_CH1.ConfNb=1
SH.S_TIM5_CH2.0=TIM5_CH2,Encoder_Interface
SH.S_TIM5_CH2.ConfNb=1
SPI2.CLKPhase=SPI_PHASE_2EDGE
SPI2.CLKPolarity=SPI_POLARITY_HIGH
SPI2.CRCCalculation=SPI_CRCCALCULATION_DISABLE
SPI2.DataSize=SPI_DATASIZE_8BIT
SPI2.Direction=SPI_DIRECTION_2LINES
SPI2.IPParameters=VirtualType,Mode,Direction,DataSize,CLKPolarity,CLKPhase,CRCCalculation,VirtualNSS
SPI2.Mode=SPI_MODE_SLAVE
SPI2.VirtualNSS=VM_NSSHARD
SPI2.VirtualType=VM_SLAVE
TIM15.Channel-PWM\ Generation1\ CH1=TIM_CHANNEL_1
TIM15.IPParameters=Channel-PWM Generation1 CH1,Prescaler
TIM15.Prescaler=8191
TIM6.AutoReloadPreload=TIM_AUTORELOAD_PRELOAD_ENABLE
TIM6.IPParameters=Prescaler,AutoReloadPreload,TIM_MasterOutputTrigger,Period
TIM6.Period=19
TIM6.Prescaler=79
TIM6.TIM_MasterOutputTrigger=TIM_TRGO_UPDATE
TIM7.AutoReloadPreload=TIM_AUTORELOAD_PRELOAD_ENABLE
TIM7.IPParameters=Period,Prescaler,AutoReloadPreload,TIM_MasterOutputTrigger
TIM7.Period=9
TIM7.Prescaler=7999
TIM7.TIM_MasterOutputTrigger=TIM_TRGO_RESET
USART1.IPParameters=VirtualMode-Asynchronous
USART1.VirtualMode-Asynchronous=VM_ASYNC
VP_SYS_VS_Systick.Mode=SysTick
VP_SYS_VS_Systick.Signal=SYS_VS_Systick
VP_TIM15_VS_ClockSourceINT.Mode=Internal
VP_TIM15_VS_ClockSourceINT.Signal=TIM15_VS_ClockSourceINT
VP_TIM6_VS_ClockSourceINT.Mode=Enable_Timer
VP_TIM6_VS_ClockSourceINT.Signal=TIM6_VS_ClockSourceINT
VP_TIM7_VS_ClockSourceINT.Mode=Enable_Timer
VP_TIM7_VS_ClockSourceINT.Signal=TIM7_VS_ClockSourceINT
board=custom
isbadioc=false
